
Microsoft Visual Studio Solution File, Format Version 12.00
# Visual Studio Version 16
VisualStudioVersion = 16.0.31624.102
MinimumVisualStudioVersion = 10.0.40219.1
Project("{FAE04EC0-301F-11D3-BF4B-00C04F79EFBC}") = "ErorrHandling", "ErorrHandling\ErorrHandling.csproj", "{A1C12950-E2DB-4449-B2CF-27C6EF069000}"
EndProject
Global
	GlobalSection(SolutionConfigurationPlatforms) = preSolution
		Debug|Any CPU = Debug|Any CPU
		Release|Any CPU = Release|Any CPU
	EndGlobalSection
	GlobalSection(ProjectConfigurationPlatforms) = postSolution
		{A1C12950-E2DB-4449-B2CF-27C6EF069000}.Debug|Any CPU.ActiveCfg = Debug|Any CPU
		{A1C12950-E2DB-4449-B2CF-27C6EF069000}.Debug|Any CPU.Build.0 = Debug|Any CPU
		{A1C12950-E2DB-4449-B2CF-27C6EF069000}.Release|Any CPU.ActiveCfg = Release|Any CPU
		{A1C12950-E2DB-4449-B2CF-27C6EF069000}.Release|Any CPU.Build.0 = Release|Any CPU
	EndGlobalSection
	GlobalSection(SolutionProperties) = preSolution
		HideSolutionNode = FALSE
	EndGlobalSection
	GlobalSection(ExtensibilityGlobals) = postSolution
		SolutionGuid = {98EF7E34-54A7-4247-9B79-80AA54EDCC7C}
	EndGlobalSection
EndGlobal
